
Microsoft Visual Studio Solution File, Format Version 12.00
# Visual Studio Version 17
VisualStudioVersion = 17.4.33205.214
MinimumVisualStudioVersion = 10.0.40219.1
Project("{FAE04EC0-301F-11D3-BF4B-00C04F79EFBC}") = "leavemanagement.Web", "leavemanagement.Web\leavemanagement.Web.csproj", "{FFAA918D-6916-49C3-919A-E16FE768A835}"
EndProject
Global
	GlobalSection(SolutionConfigurationPlatforms) = preSolution
		Debug|Any CPU = Debug|Any CPU
		Release|Any CPU = Release|Any CPU
	EndGlobalSection
	GlobalSection(ProjectConfigurationPlatforms) = postSolution
		{FFAA918D-6916-49C3-919A-E16FE768A835}.Debug|Any CPU.ActiveCfg = Debug|Any CPU
		{FFAA918D-6916-49C3-919A-E16FE768A835}.Debug|Any CPU.Build.0 = Debug|Any CPU
		{FFAA918D-6916-49C3-919A-E16FE768A835}.Release|Any CPU.ActiveCfg = Release|Any CPU
		{FFAA918D-6916-49C3-919A-E16FE768A835}.Release|Any CPU.Build.0 = Release|Any CPU
	EndGlobalSection
	GlobalSection(SolutionProperties) = preSolution
		HideSolutionNode = FALSE
	EndGlobalSection
	GlobalSection(ExtensibilityGlobals) = postSolution
		SolutionGuid = {9BF1FBBA-4A7F-49D4-9CBD-9CCC5A987056}
	EndGlobalSection
EndGlobal
